// !$*UTF8*$!
{
	archiveVersion = 1;
	classes = {
	};
	objectVersion = 77;
	objects = {

/* Begin PBXBuildFile section */
		1E9045F62FC692D300DBDF0F /* GameboyEmulatorCore.framework in Frameworks */ = {isa = PBXBuildFile; fileRef = 1E9045EB2FC692D300DBDF0F /* GameboyEmulatorCore.framework */; };
/* End PBXBuildFile section */

/* Begin PBXContainerItemProxy section */
		1E9045F72FC692D300DBDF0F /* PBXContainerItemProxy */ = {
			isa = PBXContainerItemProxy;
			containerPortal = 1E9045932FC6918400DBDF0F /* Project object */;
			proxyType = 1;
			remoteGlobalIDString = 1E9045EA2FC692D300DBDF0F;
			remoteInfo = GameboyEmulatorCore;
		};
/* End PBXContainerItemProxy section */

/* Begin PBXFileReference section */
		1E9045A02FC6918500DBDF0F /* GameboyEmulator.app */ = {isa = PBXFileReference; explicitFileType = wrapper.application; includeInIndex = 0; path = GameboyEmulator.app; sourceTree = BUILT_PRODUCTS_DIR; };
		1E9045B12FC6918500DBDF0F /* GameboyEmulator.app */ = {isa = PBXFileReference; explicitFileType = wrapper.application; includeInIndex = 0; path = GameboyEmulator.app; sourceTree = BUILT_PRODUCTS_DIR; };
		1E9045C12FC6918500DBDF0F /* GameboyEmulator.app */ = {isa = PBXFileReference; explicitFileType = wrapper.application; includeInIndex = 0; path = GameboyEmulator.app; sourceTree = BUILT_PRODUCTS_DIR; };
		1E9045EB2FC692D300DBDF0F /* GameboyEmulatorCore.framework */ = {isa = PBXFileReference; explicitFileType = wrapper.framework; includeInIndex = 0; path = GameboyEmulatorCore.framework; sourceTree = BUILT_PRODUCTS_DIR; };
		1E9045F52FC692D300DBDF0F /* GameboyEmulatorCoreTests.xctest */ = {isa = PBXFileReference; explicitFileType = wrapper.cfbundle; includeInIndex = 0; path = GameboyEmulatorCoreTests.xctest; sourceTree = BUILT_PRODUCTS_DIR; };
/* End PBXFileReference section */

/* Begin PBXFileSystemSynchronizedBuildFileExceptionSet section */
		1E9045D62FC6918500DBDF0F /* Exceptions for "GameboyEmulator Shared" folder in "GameboyEmulator iOS" target */ = {
			isa = PBXFileSystemSynchronizedBuildFileExceptionSet;
			membershipExceptions = (
				Actions.sks,
				Assets.xcassets,
				GameScene.sks,
				GameScene.swift,
			);
			target = 1E90459F2FC6918500DBDF0F /* GameboyEmulator iOS */;
		};
		1E9045DA2FC6918500DBDF0F /* Exceptions for "GameboyEmulator iOS" folder in "GameboyEmulator iOS" target */ = {
			isa = PBXFileSystemSynchronizedBuildFileExceptionSet;
			membershipExceptions = (
				Info.plist,
			);
			target = 1E90459F2FC6918500DBDF0F /* GameboyEmulator iOS */;
		};
		1E9045DB2FC6918500DBDF0F /* Exceptions for "GameboyEmulator Shared" folder in "GameboyEmulator tvOS" target */ = {
			isa = PBXFileSystemSynchronizedBuildFileExceptionSet;
			membershipExceptions = (
				Actions.sks,
				Assets.xcassets,
				GameScene.sks,
				GameScene.swift,
			);
			target = 1E9045B02FC6918500DBDF0F /* GameboyEmulator tvOS */;
		};
		1E9045DF2FC6918500DBDF0F /* Exceptions for "GameboyEmulator tvOS" folder in "GameboyEmulator tvOS" target */ = {
			isa = PBXFileSystemSynchronizedBuildFileExceptionSet;
			membershipExceptions = (
				Info.plist,
			);
			target = 1E9045B02FC6918500DBDF0F /* GameboyEmulator tvOS */;
		};
		1E9045E02FC6918500DBDF0F /* Exceptions for "GameboyEmulator Shared" folder in "GameboyEmulator macOS" target */ = {
			isa = PBXFileSystemSynchronizedBuildFileExceptionSet;
			membershipExceptions = (
				Actions.sks,
				Assets.xcassets,
				GameScene.sks,
				GameScene.swift,
			);
			target = 1E9045C02FC6918500DBDF0F /* GameboyEmulator macOS */;
		};
/* End PBXFileSystemSynchronizedBuildFileExceptionSet section */

/* Begin PBXFileSystemSynchronizedRootGroup section */
		1E9045972FC6918400DBDF0F /* GameboyEmulator Shared */ = {
			isa = PBXFileSystemSynchronizedRootGroup;
			exceptions = (
				1E9045D62FC6918500DBDF0F /* Exceptions for "GameboyEmulator Shared" folder in "GameboyEmulator iOS" target */,
				1E9045DB2FC6918500DBDF0F /* Exceptions for "GameboyEmulator Shared" folder in "GameboyEmulator tvOS" target */,
				1E9045E02FC6918500DBDF0F /* Exceptions for "GameboyEmulator Shared" folder in "GameboyEmulator macOS" target */,
			);
			path = "GameboyEmulator Shared";
			sourceTree = "<group>";
		};
		1E9045A22FC6918500DBDF0F /* GameboyEmulator iOS */ = {
			isa = PBXFileSystemSynchronizedRootGroup;
			exceptions = (
				1E9045DA2FC6918500DBDF0F /* Exceptions for "GameboyEmulator iOS" folder in "GameboyEmulator iOS" target */,
			);
			path = "GameboyEmulator iOS";
			sourceTree = "<group>";
		};
		1E9045B22FC6918500DBDF0F /* GameboyEmulator tvOS */ = {
			isa = PBXFileSystemSynchronizedRootGroup;
			exceptions = (
				1E9045DF2FC6918500DBDF0F /* Exceptions for "GameboyEmulator tvOS" folder in "GameboyEmulator tvOS" target */,
			);
			path = "GameboyEmulator tvOS";
			sourceTree = "<group>";
		};
		1E9045C22FC6918500DBDF0F /* GameboyEmulator macOS */ = {
			isa = PBXFileSystemSynchronizedRootGroup;
			path = "GameboyEmulator macOS";
			sourceTree = "<group>";
		};
		1E9045EC2FC692D300DBDF0F /* GameboyEmulatorCore */ = {
			isa = PBXFileSystemSynchronizedRootGroup;
			path = GameboyEmulatorCore;
			sourceTree = "<group>";
		};
		1E9045F92FC692D300DBDF0F /* GameboyEmulatorCoreTests */ = {
			isa = PBXFileSystemSynchronizedRootGroup;
			path = GameboyEmulatorCoreTests;
			sourceTree = "<group>";
		};
/* End PBXFileSystemSynchronizedRootGroup section */

/* Begin PBXFrameworksBuildPhase section */
		1E90459D2FC6918500DBDF0F /* Frameworks */ = {
			isa = PBXFrameworksBuildPhase;
			buildActionMask = 2147483647;
			files = (
			);
			runOnlyForDeploymentPostprocessing = 0;
		};
		1E9045AE2FC6918500DBDF0F /* Frameworks */ = {
			isa = PBXFrameworksBuildPhase;
			buildActionMask = 2147483647;
			files = (
			);
			runOnlyForDeploymentPostprocessing = 0;
		};
		1E9045BE2FC6918500DBDF0F /* Frameworks */ = {
			isa = PBXFrameworksBuildPhase;
			buildActionMask = 2147483647;
			files = (
			);
			runOnlyForDeploymentPostprocessing = 0;
		};
		1E9045E82FC692D300DBDF0F /* Frameworks */ = {
			isa = PBXFrameworksBuildPhase;
			buildActionMask = 2147483647;
			files = (
			);
			runOnlyForDeploymentPostprocessing = 0;
		};
		1E9045F22FC692D300DBDF0F /* Frameworks */ = {
			isa = PBXFrameworksBuildPhase;
			buildActionMask = 2147483647;
			files = (
				1E9045F62FC692D300DBDF0F /* GameboyEmulatorCore.framework in Frameworks */,
			);
			runOnlyForDeploymentPostprocessing = 0;
		};
/* End PBXFrameworksBuildPhase section */

/* Begin PBXGroup section */
		1E9045922FC6918400DBDF0F = {
			isa = PBXGroup;
			children = (
				1E9045972FC6918400DBDF0F /* GameboyEmulator Shared */,
				1E9045A22FC6918500DBDF0F /* GameboyEmulator iOS */,
				1E9045B22FC6918500DBDF0F /* GameboyEmulator tvOS */,
				1E9045C22FC6918500DBDF0F /* GameboyEmulator macOS */,
				1E9045EC2FC692D300DBDF0F /* GameboyEmulatorCore */,
				1E9045F92FC692D300DBDF0F /* GameboyEmulatorCoreTests */,
				1E9045A12FC6918500DBDF0F /* Products */,
			);
			sourceTree = "<group>";
		};
		1E9045A12FC6918500DBDF0F /* Products */ = {
			isa = PBXGroup;
			children = (
				1E9045A02FC6918500DBDF0F /* GameboyEmulator.app */,
				1E9045B12FC6918500DBDF0F /* GameboyEmulator.app */,
				1E9045C12FC6918500DBDF0F /* GameboyEmulator.app */,
				1E9045EB2FC692D300DBDF0F /* GameboyEmulatorCore.framework */,
				1E9045F52FC692D300DBDF0F /* GameboyEmulatorCoreTests.xctest */,
			);
			name = Products;
			sourceTree = "<group>";
		};
/* End PBXGroup section */

/* Begin PBXHeadersBuildPhase section */
		1E9045E62FC692D300DBDF0F /* Headers */ = {
			isa = PBXHeadersBuildPhase;
			buildActionMask = 2147483647;
			files = (
			);
			runOnlyForDeploymentPostprocessing = 0;
		};
/* End PBXHeadersBuildPhase section */

/* Begin PBXNativeTarget section */
		1E90459F2FC6918500DBDF0F /* GameboyEmulator iOS */ = {
			isa = PBXNativeTarget;
			buildConfigurationList = 1E9045D72FC6918500DBDF0F /* Build configuration list for PBXNativeTarget "GameboyEmulator iOS" */;
			buildPhases = (
				1E90459C2FC6918500DBDF0F /* Sources */,
				1E90459D2FC6918500DBDF0F /* Frameworks */,
				1E90459E2FC6918500DBDF0F /* Resources */,
			);
			buildRules = (
			);
			dependencies = (
			);
			fileSystemSynchronizedGroups = (
				1E9045A22FC6918500DBDF0F /* GameboyEmulator iOS */,
			);
			name = "GameboyEmulator iOS";
			packageProductDependencies = (
			);
			productName = "GameboyEmulator iOS";
			productReference = 1E9045A02FC6918500DBDF0F /* GameboyEmulator.app */;
			productType = "com.apple.product-type.application";
		};
		1E9045B02FC6918500DBDF0F /* GameboyEmulator tvOS */ = {
			isa = PBXNativeTarget;
			buildConfigurationList = 1E9045DC2FC6918500DBDF0F /* Build configuration list for PBXNativeTarget "GameboyEmulator tvOS" */;
			buildPhases = (
				1E9045AD2FC6918500DBDF0F /* Sources */,
				1E9045AE2FC6918500DBDF0F /* Frameworks */,
				1E9045AF2FC6918500DBDF0F /* Resources */,
			);
			buildRules = (
			);
			dependencies = (
			);
			fileSystemSynchronizedGroups = (
				1E9045B22FC6918500DBDF0F /* GameboyEmulator tvOS */,
			);
			name = "GameboyEmulator tvOS";
			packageProductDependencies = (
			);
			productName = "GameboyEmulator tvOS";
			productReference = 1E9045B12FC6918500DBDF0F /* GameboyEmulator.app */;
			productType = "com.apple.product-type.application";
		};
		1E9045C02FC6918500DBDF0F /* GameboyEmulator macOS */ = {
			isa = PBXNativeTarget;
			buildConfigurationList = 1E9045E12FC6918500DBDF0F /* Build configuration list for PBXNativeTarget "GameboyEmulator macOS" */;
			buildPhases = (
				1E9045BD2FC6918500DBDF0F /* Sources */,
				1E9045BE2FC6918500DBDF0F /* Frameworks */,
				1E9045BF2FC6918500DBDF0F /* Resources */,
			);
			buildRules = (
			);
			dependencies = (
			);
			fileSystemSynchronizedGroups = (
				1E9045C22FC6918500DBDF0F /* GameboyEmulator macOS */,
			);
			name = "GameboyEmulator macOS";
			packageProductDependencies = (
			);
			productName = "GameboyEmulator macOS";
			productReference = 1E9045C12FC6918500DBDF0F /* GameboyEmulator.app */;
			productType = "com.apple.product-type.application";
		};
		1E9045EA2FC692D300DBDF0F /* GameboyEmulatorCore */ = {
			isa = PBXNativeTarget;
			buildConfigurationList = 1E9045FC2FC692D300DBDF0F /* Build configuration list for PBXNativeTarget "GameboyEmulatorCore" */;
			buildPhases = (
				1E9045E62FC692D300DBDF0F /* Headers */,
				1E9045E72FC692D300DBDF0F /* Sources */,
				1E9045E82FC692D300DBDF0F /* Frameworks */,
				1E9045E92FC692D300DBDF0F /* Resources */,
			);
			buildRules = (
			);
			dependencies = (
			);
			fileSystemSynchronizedGroups = (
				1E9045EC2FC692D300DBDF0F /* GameboyEmulatorCore */,
			);
			name = GameboyEmulatorCore;
			packageProductDependencies = (
			);
			productName = GameboyEmulatorCore;
			productReference = 1E9045EB2FC692D300DBDF0F /* GameboyEmulatorCore.framework */;
			productType = "com.apple.product-type.framework";
		};
		1E9045F42FC692D300DBDF0F /* GameboyEmulatorCoreTests */ = {
			isa = PBXNativeTarget;
			buildConfigurationList = 1E9045FF2FC692D300DBDF0F /* Build configuration list for PBXNativeTarget "GameboyEmulatorCoreTests" */;
			buildPhases = (
				1E9045F12FC692D300DBDF0F /* Sources */,
				1E9045F22FC692D300DBDF0F /* Frameworks */,
				1E9045F32FC692D300DBDF0F /* Resources */,
			);
			buildRules = (
			);
			dependencies = (
				1E9045F82FC692D300DBDF0F /* PBXTargetDependency */,
			);
			fileSystemSynchronizedGroups = (
				1E9045F92FC692D300DBDF0F /* GameboyEmulatorCoreTests */,
			);
			name = GameboyEmulatorCoreTests;
			packageProductDependencies = (
			);
			productName = GameboyEmulatorCoreTests;
			productReference = 1E9045F52FC692D300DBDF0F /* GameboyEmulatorCoreTests.xctest */;
			productType = "com.apple.product-type.bundle.unit-test";
		};
/* End PBXNativeTarget section */

/* Begin PBXProject section */
		1E9045932FC6918400DBDF0F /* Project object */ = {
			isa = PBXProject;
			attributes = {
				BuildIndependentTargetsInParallel = 1;
				LastSwiftUpdateCheck = 2650;
				LastUpgradeCheck = 2650;
				TargetAttributes = {
					1E90459F2FC6918500DBDF0F = {
						CreatedOnToolsVersion = 26.5;
					};
					1E9045B02FC6918500DBDF0F = {
						CreatedOnToolsVersion = 26.5;
					};
					1E9045C02FC6918500DBDF0F = {
						CreatedOnToolsVersion = 26.5;
					};
					1E9045EA2FC692D300DBDF0F = {
						CreatedOnToolsVersion = 26.5;
					};
					1E9045F42FC692D300DBDF0F = {
						CreatedOnToolsVersion = 26.5;
					};
				};
			};
			buildConfigurationList = 1E9045962FC6918400DBDF0F /* Build configuration list for PBXProject "GameboyEmulator" */;
			developmentRegion = en;
			hasScannedForEncodings = 0;
			knownRegions = (
				en,
				Base,
			);
			mainGroup = 1E9045922FC6918400DBDF0F;
			minimizedProjectReferenceProxies = 1;
			preferredProjectObjectVersion = 77;
			productRefGroup = 1E9045A12FC6918500DBDF0F /* Products */;
			projectDirPath = "";
			projectRoot = "";
			targets = (
				1E90459F2FC6918500DBDF0F /* GameboyEmulator iOS */,
				1E9045B02FC6918500DBDF0F /* GameboyEmulator tvOS */,
				1E9045C02FC6918500DBDF0F /* GameboyEmulator macOS */,
				1E9045EA2FC692D300DBDF0F /* GameboyEmulatorCore */,
				1E9045F42FC692D300DBDF0F /* GameboyEmulatorCoreTests */,
			);
		};
/* End PBXProject section */

/* Begin PBXResourcesBuildPhase section */
		1E90459E2FC6918500DBDF0F /* Resources */ = {
			isa = PBXResourcesBuildPhase;
			buildActionMask = 2147483647;
			files = (
			);
			runOnlyForDeploymentPostprocessing = 0;
		};
		1E9045AF2FC6918500DBDF0F /* Resources */ = {
			isa = PBXResourcesBuildPhase;
			buildActionMask = 2147483647;
			files = (
			);
			runOnlyForDeploymentPostprocessing = 0;
		};
		1E9045BF2FC6918500DBDF0F /* Resources */ = {
			isa = PBXResourcesBuildPhase;
			buildActionMask = 2147483647;
			files = (
			);
			runOnlyForDeploymentPostprocessing = 0;
		};
		1E9045E92FC692D300DBDF0F /* Resources */ = {
			isa = PBXResourcesBuildPhase;
			buildActionMask = 2147483647;
			files = (
			);
			runOnlyForDeploymentPostprocessing = 0;
		};
		1E9045F32FC692D300DBDF0F /* Resources */ = {
			isa = PBXResourcesBuildPhase;
			buildActionMask = 2147483647;
			files = (
			);
			runOnlyForDeploymentPostprocessing = 0;
		};
/* End PBXResourcesBuildPhase section */

/* Begin PBXSourcesBuildPhase section */
		1E90459C2FC6918500DBDF0F /* Sources */ = {
			isa = PBXSourcesBuildPhase;
			buildActionMask = 2147483647;
			files = (
			);
			runOnlyForDeploymentPostprocessing = 0;
		};
		1E9045AD2FC6918500DBDF0F /* Sources */ = {
			isa = PBXSourcesBuildPhase;
			buildActionMask = 2147483647;
			files = (
			);
			runOnlyForDeploymentPostprocessing = 0;
		};
		1E9045BD2FC6918500DBDF0F /* Sources */ = {
			isa = PBXSourcesBuildPhase;
			buildActionMask = 2147483647;
			files = (
			);
			runOnlyForDeploymentPostprocessing = 0;
		};
		1E9045E72FC692D300DBDF0F /* Sources */ = {
			isa = PBXSourcesBuildPhase;
			buildActionMask = 2147483647;
			files = (
			);
			runOnlyForDeploymentPostprocessing = 0;
		};
		1E9045F12FC692D300DBDF0F /* Sources */ = {
			isa = PBXSourcesBuildPhase;
			buildActionMask = 2147483647;
			files = (
			);
			runOnlyForDeploymentPostprocessing = 0;
		};
/* End PBXSourcesBuildPhase section */

/* Begin PBXTargetDependency section */
		1E9045F82FC692D300DBDF0F /* PBXTargetDependency */ = {
			isa = PBXTargetDependency;
			target = 1E9045EA2FC692D300DBDF0F /* GameboyEmulatorCore */;
			targetProxy = 1E9045F72FC692D300DBDF0F /* PBXContainerItemProxy */;
		};
/* End PBXTargetDependency section */

/* Begin XCBuildConfiguration section */
		1E9045D82FC6918500DBDF0F /* Debug */ = {
			isa = XCBuildConfiguration;
			buildSettings = {
				ASSETCATALOG_COMPILER_APPICON_NAME = AppIcon;
				ASSETCATALOG_COMPILER_GLOBAL_ACCENT_COLOR_NAME = AccentColor;
				CODE_SIGN_STYLE = Automatic;
				CURRENT_PROJECT_VERSION = 1;
				DEVELOPMENT_TEAM = 7Q8TNG23CZ;
				GENERATE_INFOPLIST_FILE = YES;
				INFOPLIST_FILE = "GameboyEmulator iOS/Info.plist";
				INFOPLIST_KEY_UIApplicationSupportsIndirectInputEvents = YES;
				INFOPLIST_KEY_UIMainStoryboardFile = Main;
				INFOPLIST_KEY_UIStatusBarHidden = YES;
				INFOPLIST_KEY_UISupportedInterfaceOrientations_iPad = "UIInterfaceOrientationPortrait UIInterfaceOrientationPortraitUpsideDown UIInterfaceOrientationLandscapeLeft UIInterfaceOrientationLandscapeRight";
				INFOPLIST_KEY_UISupportedInterfaceOrientations_iPhone = "UIInterfaceOrientationPortrait UIInterfaceOrientationLandscapeLeft UIInterfaceOrientationLandscapeRight";
				IPHONEOS_DEPLOYMENT_TARGET = 26.5;
				LD_RUNPATH_SEARCH_PATHS = (
					"$(inherited)",
					"@executable_path/Frameworks",
				);
				MARKETING_VERSION = 1.0;
				PRODUCT_BUNDLE_IDENTIFIER = com.personal.GameboyEmulator;
				PRODUCT_NAME = GameboyEmulator;
				SDKROOT = iphoneos;
				STRING_CATALOG_GENERATE_SYMBOLS = YES;
				SWIFT_APPROACHABLE_CONCURRENCY = YES;
				SWIFT_DEFAULT_ACTOR_ISOLATION = MainActor;
				SWIFT_EMIT_LOC_STRINGS = YES;
				SWIFT_UPCOMING_FEATURE_MEMBER_IMPORT_VISIBILITY = YES;
				SWIFT_VERSION = 5.0;
				TARGETED_DEVICE_FAMILY = "1,2";
			};
			name = Debug;
		};
		1E9045D92FC6918500DBDF0F /* Release */ = {
			isa = XCBuildConfiguration;
			buildSettings = {
				ASSETCATALOG_COMPILER_APPICON_NAME = AppIcon;
				ASSETCATALOG_COMPILER_GLOBAL_ACCENT_COLOR_NAME = AccentColor;
				CODE_SIGN_STYLE = Automatic;
				CURRENT_PROJECT_VERSION = 1;
				DEVELOPMENT_TEAM = 7Q8TNG23CZ;
				GENERATE_INFOPLIST_FILE = YES;
				INFOPLIST_FILE = "GameboyEmulator iOS/Info.plist";
				INFOPLIST_KEY_UIApplicationSupportsIndirectInputEvents = YES;
				INFOPLIST_KEY_UIMainStoryboardFile = Main;
				INFOPLIST_KEY_UIStatusBarHidden = YES;
				INFOPLIST_KEY_UISupportedInterfaceOrientations_iPad = "UIInterfaceOrientationPortrait UIInterfaceOrientationPortraitUpsideDown UIInterfaceOrientationLandscapeLeft UIInterfaceOrientationLandscapeRight";
				INFOPLIST_KEY_UISupportedInterfaceOrientations_iPhone = "UIInterfaceOrientationPortrait UIInterfaceOrientationLandscapeLeft UIInterfaceOrientationLandscapeRight";
				IPHONEOS_DEPLOYMENT_TARGET = 26.5;
				LD_RUNPATH_SEARCH_PATHS = (
					"$(inherited)",
					"@executable_path/Frameworks",
				);
				MARKETING_VERSION = 1.0;
				PRODUCT_BUNDLE_IDENTIFIER = com.personal.GameboyEmulator;
				PRODUCT_NAME = GameboyEmulator;
				SDKROOT = iphoneos;
				STRING_CATALOG_GENERATE_SYMBOLS = YES;
				SWIFT_APPROACHABLE_CONCURRENCY = YES;
				SWIFT_DEFAULT_ACTOR_ISOLATION = MainActor;
				SWIFT_EMIT_LOC_STRINGS = YES;
				SWIFT_UPCOMING_FEATURE_MEMBER_IMPORT_VISIBILITY = YES;
				SWIFT_VERSION = 5.0;
				TARGETED_DEVICE_FAMILY = "1,2";
				VALIDATE_PRODUCT = YES;
			};
			name = Release;
		};
		1E9045DD2FC6918500DBDF0F /* Debug */ = {
			isa = XCBuildConfiguration;
			buildSettings = {
				ASSETCATALOG_COMPILER_APPICON_NAME = "tvOS App Icon & Top Shelf Image";
				ASSETCATALOG_COMPILER_GLOBAL_ACCENT_COLOR_NAME = AccentColor;
				CODE_SIGN_STYLE = Automatic;
				CURRENT_PROJECT_VERSION = 1;
				DEVELOPMENT_TEAM = 7Q8TNG23CZ;
				GENERATE_INFOPLIST_FILE = YES;
				INFOPLIST_FILE = "GameboyEmulator tvOS/Info.plist";
				INFOPLIST_KEY_UILaunchStoryboardName = LaunchScreen;
				INFOPLIST_KEY_UIMainStoryboardFile = Main;
				INFOPLIST_KEY_UIUserInterfaceStyle = Automatic;
				LD_RUNPATH_SEARCH_PATHS = (
					"$(inherited)",
					"@executable_path/Frameworks",
				);
				MARKETING_VERSION = 1.0;
				PRODUCT_BUNDLE_IDENTIFIER = com.personal.GameboyEmulator;
				PRODUCT_NAME = GameboyEmulator;
				SDKROOT = appletvos;
				STRING_CATALOG_GENERATE_SYMBOLS = YES;
				SWIFT_APPROACHABLE_CONCURRENCY = YES;
				SWIFT_DEFAULT_ACTOR_ISOLATION = MainActor;
				SWIFT_EMIT_LOC_STRINGS = YES;
				SWIFT_UPCOMING_FEATURE_MEMBER_IMPORT_VISIBILITY = YES;
				SWIFT_VERSION = 5.0;
				TARGETED_DEVICE_FAMILY = 3;
				TVOS_DEPLOYMENT_TARGET = 26.5;
			};
			name = Debug;
		};
		1E9045DE2FC6918500DBDF0F /* Release */ = {
			isa = XCBuildConfiguration;
			buildSettings = {
				ASSETCATALOG_COMPILER_APPICON_NAME = "tvOS App Icon & Top Shelf Image";
				ASSETCATALOG_COMPILER_GLOBAL_ACCENT_COLOR_NAME = AccentColor;
				CODE_SIGN_STYLE = Automatic;
				CURRENT_PROJECT_VERSION = 1;
				DEVELOPMENT_TEAM = 7Q8TNG23CZ;
				GENERATE_INFOPLIST_FILE = YES;
				INFOPLIST_FILE = "GameboyEmulator tvOS/Info.plist";
				INFOPLIST_KEY_UILaunchStoryboardName = LaunchScreen;
				INFOPLIST_KEY_UIMainStoryboardFile = Main;
				INFOPLIST_KEY_UIUserInterfaceStyle = Automatic;
				LD_RUNPATH_SEARCH_PATHS = (
					"$(inherited)",
					"@executable_path/Frameworks",
				);
				MARKETING_VERSION = 1.0;
				PRODUCT_BUNDLE_IDENTIFIER = com.personal.GameboyEmulator;
				PRODUCT_NAME = GameboyEmulator;
				SDKROOT = appletvos;
				STRING_CATALOG_GENERATE_SYMBOLS = YES;
				SWIFT_APPROACHABLE_CONCURRENCY = YES;
				SWIFT_DEFAULT_ACTOR_ISOLATION = MainActor;
				SWIFT_EMIT_LOC_STRINGS = YES;
				SWIFT_UPCOMING_FEATURE_MEMBER_IMPORT_VISIBILITY = YES;
				SWIFT_VERSION = 5.0;
				TARGETED_DEVICE_FAMILY = 3;
				TVOS_DEPLOYMENT_TARGET = 26.5;
				VALIDATE_PRODUCT = YES;
			};
			name = Release;
		};
		1E9045E22FC6918500DBDF0F /* Debug */ = {
			isa = XCBuildConfiguration;
			buildSettings = {
				ASSETCATALOG_COMPILER_APPICON_NAME = AppIcon;
				ASSETCATALOG_COMPILER_GLOBAL_ACCENT_COLOR_NAME = AccentColor;
				CODE_SIGN_STYLE = Automatic;
				COMBINE_HIDPI_IMAGES = YES;
				CURRENT_PROJECT_VERSION = 1;
				DEVELOPMENT_TEAM = 7Q8TNG23CZ;
				ENABLE_APP_SANDBOX = YES;
				ENABLE_HARDENED_RUNTIME = YES;
				ENABLE_USER_SELECTED_FILES = readonly;
				GENERATE_INFOPLIST_FILE = YES;
				INFOPLIST_KEY_NSHumanReadableCopyright = "";
				INFOPLIST_KEY_NSMainStoryboardFile = Main;
				INFOPLIST_KEY_NSPrincipalClass = NSApplication;
				LD_RUNPATH_SEARCH_PATHS = (
					"$(inherited)",
					"@executable_path/../Frameworks",
				);
				MACOSX_DEPLOYMENT_TARGET = 26.5;
				MARKETING_VERSION = 1.0;
				PRODUCT_BUNDLE_IDENTIFIER = com.personal.GameboyEmulator;
				PRODUCT_NAME = GameboyEmulator;
				REGISTER_APP_GROUPS = YES;
				SDKROOT = macosx;
				STRING_CATALOG_GENERATE_SYMBOLS = YES;
				SWIFT_APPROACHABLE_CONCURRENCY = YES;
				SWIFT_DEFAULT_ACTOR_ISOLATION = MainActor;
				SWIFT_EMIT_LOC_STRINGS = YES;
				SWIFT_UPCOMING_FEATURE_MEMBER_IMPORT_VISIBILITY = YES;
				SWIFT_VERSION = 5.0;
			};
			name = Debug;
		};
		1E9045E32FC6918500DBDF0F /* Release */ = {
			isa = XCBuildConfiguration;
			buildSettings = {
				ASSETCATALOG_COMPILER_APPICON_NAME = AppIcon;
				ASSETCATALOG_COMPILER_GLOBAL_ACCENT_COLOR_NAME = AccentColor;
				CODE_SIGN_STYLE = Automatic;
				COMBINE_HIDPI_IMAGES = YES;
				CURRENT_PROJECT_VERSION = 1;
				DEVELOPMENT_TEAM = 7Q8TNG23CZ;
				ENABLE_APP_SANDBOX = YES;
				ENABLE_HARDENED_RUNTIME = YES;
				ENABLE_USER_SELECTED_FILES = readonly;
				GENERATE_INFOPLIST_FILE = YES;
				INFOPLIST_KEY_NSHumanReadableCopyright = "";
				INFOPLIST_KEY_NSMainStoryboardFile = Main;
				INFOPLIST_KEY_NSPrincipalClass = NSApplication;
				LD_RUNPATH_SEARCH_PATHS = (
					"$(inherited)",
					"@executable_path/../Frameworks",
				);
				MACOSX_DEPLOYMENT_TARGET = 26.5;
				MARKETING_VERSION = 1.0;
				PRODUCT_BUNDLE_IDENTIFIER = com.personal.GameboyEmulator;
				PRODUCT_NAME = GameboyEmulator;
				REGISTER_APP_GROUPS = YES;
				SDKROOT = macosx;
				STRING_CATALOG_GENERATE_SYMBOLS = YES;
				SWIFT_APPROACHABLE_CONCURRENCY = YES;
				SWIFT_DEFAULT_ACTOR_ISOLATION = MainActor;
				SWIFT_EMIT_LOC_STRINGS = YES;
				SWIFT_UPCOMING_FEATURE_MEMBER_IMPORT_VISIBILITY = YES;
				SWIFT_VERSION = 5.0;
			};
			name = Release;
		};
		1E9045E42FC6918500DBDF0F /* Debug */ = {
			isa = XCBuildConfiguration;
			buildSettings = {
				ALWAYS_SEARCH_USER_PATHS = NO;
				ASSETCATALOG_COMPILER_GENERATE_SWIFT_ASSET_SYMBOL_EXTENSIONS = YES;
				CLANG_ANALYZER_NONNULL = YES;
				CLANG_ANALYZER_NUMBER_OBJECT_CONVERSION = YES_AGGRESSIVE;
				CLANG_CXX_LANGUAGE_STANDARD = "gnu++20";
				CLANG_ENABLE_MODULES = YES;
				CLANG_ENABLE_OBJC_ARC = YES;
				CLANG_ENABLE_OBJC_WEAK = YES;
				CLANG_WARN_BLOCK_CAPTURE_AUTORELEASING = YES;
				CLANG_WARN_BOOL_CONVERSION = YES;
				CLANG_WARN_COMMA = YES;
				CLANG_WARN_CONSTANT_CONVERSION = YES;
				CLANG_WARN_DEPRECATED_OBJC_IMPLEMENTATIONS = YES;
				CLANG_WARN_DIRECT_OBJC_ISA_USAGE = YES_ERROR;
				CLANG_WARN_DOCUMENTATION_COMMENTS = YES;
				CLANG_WARN_EMPTY_BODY = YES;
				CLANG_WARN_ENUM_CONVERSION = YES;
				CLANG_WARN_INFINITE_RECURSION = YES;
				CLANG_WARN_INT_CONVERSION = YES;
				CLANG_WARN_NON_LITERAL_NULL_CONVERSION = YES;
				CLANG_WARN_OBJC_IMPLICIT_RETAIN_SELF = YES;
				CLANG_WARN_OBJC_LITERAL_CONVERSION = YES;
				CLANG_WARN_OBJC_ROOT_CLASS = YES_ERROR;
				CLANG_WARN_QUOTED_INCLUDE_IN_FRAMEWORK_HEADER = YES;
				CLANG_WARN_RANGE_LOOP_ANALYSIS = YES;
				CLANG_WARN_STRICT_PROTOTYPES = YES;
				CLANG_WARN_SUSPICIOUS_MOVE = YES;
				CLANG_WARN_UNGUARDED_AVAILABILITY = YES_AGGRESSIVE;
				CLANG_WARN_UNREACHABLE_CODE = YES;
				CLANG_WARN__DUPLICATE_METHOD_MATCH = YES;
				COPY_PHASE_STRIP = NO;
				DEBUG_INFORMATION_FORMAT = dwarf;
				DEVELOPMENT_TEAM = 7Q8TNG23CZ;
				ENABLE_STRICT_OBJC_MSGSEND = YES;
				ENABLE_TESTABILITY = YES;
				ENABLE_USER_SCRIPT_SANDBOXING = YES;
				GCC_C_LANGUAGE_STANDARD = gnu17;
				GCC_DYNAMIC_NO_PIC = NO;
				GCC_NO_COMMON_BLOCKS = YES;
				GCC_OPTIMIZATION_LEVEL = 0;
				GCC_PREPROCESSOR_DEFINITIONS = (
					"DEBUG=1",
					"$(inherited)",
				);
				GCC_WARN_64_TO_32_BIT_CONVERSION = YES;
				GCC_WARN_ABOUT_RETURN_TYPE = YES_ERROR;
				GCC_WARN_UNDECLARED_SELECTOR = YES;
				GCC_WARN_UNINITIALIZED_AUTOS = YES_AGGRESSIVE;
				GCC_WARN_UNUSED_FUNCTION = YES;
				GCC_WARN_UNUSED_VARIABLE = YES;
				LOCALIZATION_PREFERS_STRING_CATALOGS = YES;
				MTL_ENABLE_DEBUG_INFO = INCLUDE_SOURCE;
				MTL_FAST_MATH = YES;
				ONLY_ACTIVE_ARCH = YES;
				SWIFT_ACTIVE_COMPILATION_CONDITIONS = "DEBUG $(inherited)";
				SWIFT_OPTIMIZATION_LEVEL = "-Onone";
			};
			name = Debug;
		};
		1E9045E52FC6918500DBDF0F /* Release */ = {
			isa = XCBuildConfiguration;
			buildSettings = {
				ALWAYS_SEARCH_USER_PATHS = NO;
				ASSETCATALOG_COMPILER_GENERATE_SWIFT_ASSET_SYMBOL_EXTENSIONS = YES;
				CLANG_ANALYZER_NONNULL = YES;
				CLANG_ANALYZER_NUMBER_OBJECT_CONVERSION = YES_AGGRESSIVE;
				CLANG_CXX_LANGUAGE_STANDARD = "gnu++20";
				CLANG_ENABLE_MODULES = YES;
				CLANG_ENABLE_OBJC_ARC = YES;
				CLANG_ENABLE_OBJC_WEAK = YES;
				CLANG_WARN_BLOCK_CAPTURE_AUTORELEASING = YES;
				CLANG_WARN_BOOL_CONVERSION = YES;
				CLANG_WARN_COMMA = YES;
				CLANG_WARN_CONSTANT_CONVERSION = YES;
				CLANG_WARN_DEPRECATED_OBJC_IMPLEMENTATIONS = YES;
				CLANG_WARN_DIRECT_OBJC_ISA_USAGE = YES_ERROR;
				CLANG_WARN_DOCUMENTATION_COMMENTS = YES;
				CLANG_WARN_EMPTY_BODY = YES;
				CLANG_WARN_ENUM_CONVERSION = YES;
				CLANG_WARN_INFINITE_RECURSION = YES;
				CLANG_WARN_INT_CONVERSION = YES;
				CLANG_WARN_NON_LITERAL_NULL_CONVERSION = YES;
				CLANG_WARN_OBJC_IMPLICIT_RETAIN_SELF = YES;
				CLANG_WARN_OBJC_LITERAL_CONVERSION = YES;
				CLANG_WARN_OBJC_ROOT_CLASS = YES_ERROR;
				CLANG_WARN_QUOTED_INCLUDE_IN_FRAMEWORK_HEADER = YES;
				CLANG_WARN_RANGE_LOOP_ANALYSIS = YES;
				CLANG_WARN_STRICT_PROTOTYPES = YES;
				CLANG_WARN_SUSPICIOUS_MOVE = YES;
				CLANG_WARN_UNGUARDED_AVAILABILITY = YES_AGGRESSIVE;
				CLANG_WARN_UNREACHABLE_CODE = YES;
				CLANG_WARN__DUPLICATE_METHOD_MATCH = YES;
				COPY_PHASE_STRIP = NO;
				DEBUG_INFORMATION_FORMAT = "dwarf-with-dsym";
				DEVELOPMENT_TEAM = 7Q8TNG23CZ;
				ENABLE_NS_ASSERTIONS = NO;
				ENABLE_STRICT_OBJC_MSGSEND = YES;
				ENABLE_USER_SCRIPT_SANDBOXING = YES;
				GCC_C_LANGUAGE_STANDARD = gnu17;
				GCC_NO_COMMON_BLOCKS = YES;
				GCC_WARN_64_TO_32_BIT_CONVERSION = YES;
				GCC_WARN_ABOUT_RETURN_TYPE = YES_ERROR;
				GCC_WARN_UNDECLARED_SELECTOR = YES;
				GCC_WARN_UNINITIALIZED_AUTOS = YES_AGGRESSIVE;
				GCC_WARN_UNUSED_FUNCTION = YES;
				GCC_WARN_UNUSED_VARIABLE = YES;
				LOCALIZATION_PREFERS_STRING_CATALOGS = YES;
				MTL_ENABLE_DEBUG_INFO = NO;
				MTL_FAST_MATH = YES;
				SWIFT_COMPILATION_MODE = wholemodule;
			};
			name = Release;
		};
		1E9045FD2FC692D300DBDF0F /* Debug */ = {
			isa = XCBuildConfiguration;
			buildSettings = {
				ALLOW_TARGET_PLATFORM_SPECIALIZATION = YES;
				BUILD_LIBRARY_FOR_DISTRIBUTION = YES;
				CODE_SIGN_STYLE = Automatic;
				CURRENT_PROJECT_VERSION = 1;
				DEVELOPMENT_TEAM = 7Q8TNG23CZ;
				DYLIB_COMPATIBILITY_VERSION = 1;
				DYLIB_CURRENT_VERSION = 1;
				DYLIB_INSTALL_NAME_BASE = "@rpath";
				ENABLE_MODULE_VERIFIER = YES;
				GENERATE_INFOPLIST_FILE = YES;
				INFOPLIST_KEY_NSHumanReadableCopyright = "";
				INSTALL_PATH = "$(LOCAL_LIBRARY_DIR)/Frameworks";
				IPHONEOS_DEPLOYMENT_TARGET = 26.5;
				LD_RUNPATH_SEARCH_PATHS = (
					"@executable_path/Frameworks",
					"@loader_path/Frameworks",
				);
				"LD_RUNPATH_SEARCH_PATHS[sdk=macosx*]" = (
					"@executable_path/../Frameworks",
					"@loader_path/Frameworks",
				);
				MACOSX_DEPLOYMENT_TARGET = 26.5;
				MARKETING_VERSION = 1.0;
				MODULE_VERIFIER_SUPPORTED_LANGUAGES = "objective-c objective-c++";
				MODULE_VERIFIER_SUPPORTED_LANGUAGE_STANDARDS = "gnu17 gnu++20";
				PRODUCT_BUNDLE_IDENTIFIER = com.personal.GameboyEmulatorCore;
				PRODUCT_NAME = "$(TARGET_NAME:c99extidentifier)";
				SDKROOT = auto;
				SKIP_INSTALL = YES;
				STRING_CATALOG_GENERATE_SYMBOLS = YES;
				SUPPORTED_PLATFORMS = "iphoneos iphonesimulator macosx xros xrsimulator";
				SWIFT_APPROACHABLE_CONCURRENCY = YES;
				SWIFT_EMIT_LOC_STRINGS = YES;
				SWIFT_INSTALL_MODULE = YES;
				SWIFT_INSTALL_OBJC_HEADER = NO;
				SWIFT_UPCOMING_FEATURE_MEMBER_IMPORT_VISIBILITY = YES;
				SWIFT_VERSION = 5.0;
				TARGETED_DEVICE_FAMILY = "1,2,7";
				VERSIONING_SYSTEM = "apple-generic";
				VERSION_INFO_PREFIX = "";
				XROS_DEPLOYMENT_TARGET = 26.5;
			};
			name = Debug;
		};
		1E9045FE2FC692D300DBDF0F /* Release */ = {
			isa = XCBuildConfiguration;
			buildSettings = {
				ALLOW_TARGET_PLATFORM_SPECIALIZATION = YES;
				BUILD_LIBRARY_FOR_DISTRIBUTION = YES;
				CODE_SIGN_STYLE = Automatic;
				CURRENT_PROJECT_VERSION = 1;
				DEVELOPMENT_TEAM = 7Q8TNG23CZ;
				DYLIB_COMPATIBILITY_VERSION = 1;
				DYLIB_CURRENT_VERSION = 1;
				DYLIB_INSTALL_NAME_BASE = "@rpath";
				ENABLE_MODULE_VERIFIER = YES;
				GENERATE_INFOPLIST_FILE = YES;
				INFOPLIST_KEY_NSHumanReadableCopyright = "";
				INSTALL_PATH = "$(LOCAL_LIBRARY_DIR)/Frameworks";
				IPHONEOS_DEPLOYMENT_TARGET = 26.5;
				LD_RUNPATH_SEARCH_PATHS = (
					"@executable_path/Frameworks",
					"@loader_path/Frameworks",
				);
				"LD_RUNPATH_SEARCH_PATHS[sdk=macosx*]" = (
					"@executable_path/../Frameworks",
					"@loader_path/Frameworks",
				);
				MACOSX_DEPLOYMENT_TARGET = 26.5;
				MARKETING_VERSION = 1.0;
				MODULE_VERIFIER_SUPPORTED_LANGUAGES = "objective-c objective-c++";
				MODULE_VERIFIER_SUPPORTED_LANGUAGE_STANDARDS = "gnu17 gnu++20";
				PRODUCT_BUNDLE_IDENTIFIER = com.personal.GameboyEmulatorCore;
				PRODUCT_NAME = "$(TARGET_NAME:c99extidentifier)";
				SDKROOT = auto;
				SKIP_INSTALL = YES;
				STRING_CATALOG_GENERATE_SYMBOLS = YES;
				SUPPORTED_PLATFORMS = "iphoneos iphonesimulator macosx xros xrsimulator";
				SWIFT_APPROACHABLE_CONCURRENCY = YES;
				SWIFT_EMIT_LOC_STRINGS = YES;
				SWIFT_INSTALL_MODULE = YES;
				SWIFT_INSTALL_OBJC_HEADER = NO;
				SWIFT_UPCOMING_FEATURE_MEMBER_IMPORT_VISIBILITY = YES;
				SWIFT_VERSION = 5.0;
				TARGETED_DEVICE_FAMILY = "1,2,7";
				VERSIONING_SYSTEM = "apple-generic";
				VERSION_INFO_PREFIX = "";
				XROS_DEPLOYMENT_TARGET = 26.5;
			};
			name = Release;
		};
		1E9046002FC692D300DBDF0F /* Debug */ = {
			isa = XCBuildConfiguration;
			buildSettings = {
				ALLOW_TARGET_PLATFORM_SPECIALIZATION = YES;
				CODE_SIGN_STYLE = Automatic;
				CURRENT_PROJECT_VERSION = 1;
				DEVELOPMENT_TEAM = 7Q8TNG23CZ;
				GENERATE_INFOPLIST_FILE = YES;
				IPHONEOS_DEPLOYMENT_TARGET = 26.5;
				MACOSX_DEPLOYMENT_TARGET = 26.5;
				MARKETING_VERSION = 1.0;
				PRODUCT_BUNDLE_IDENTIFIER = com.personal.GameboyEmulatorCoreTests;
				PRODUCT_NAME = "$(TARGET_NAME)";
				SDKROOT = auto;
				STRING_CATALOG_GENERATE_SYMBOLS = NO;
				SUPPORTED_PLATFORMS = "iphoneos iphonesimulator macosx xros xrsimulator";
				SWIFT_APPROACHABLE_CONCURRENCY = YES;
				SWIFT_EMIT_LOC_STRINGS = NO;
				SWIFT_UPCOMING_FEATURE_MEMBER_IMPORT_VISIBILITY = YES;
				SWIFT_VERSION = 5.0;
				TARGETED_DEVICE_FAMILY = "1,2,7";
				XROS_DEPLOYMENT_TARGET = 26.5;
			};
			name = Debug;
		};
		1E9046012FC692D300DBDF0F /* Release */ = {
			isa = XCBuildConfiguration;
			buildSettings = {
				ALLOW_TARGET_PLATFORM_SPECIALIZATION = YES;
				CODE_SIGN_STYLE = Automatic;
				CURRENT_PROJECT_VERSION = 1;
				DEVELOPMENT_TEAM = 7Q8TNG23CZ;
				GENERATE_INFOPLIST_FILE = YES;
				IPHONEOS_DEPLOYMENT_TARGET = 26.5;
				MACOSX_DEPLOYMENT_TARGET = 26.5;
				MARKETING_VERSION = 1.0;
				PRODUCT_BUNDLE_IDENTIFIER = com.personal.GameboyEmulatorCoreTests;
				PRODUCT_NAME = "$(TARGET_NAME)";
				SDKROOT = auto;
				STRING_CATALOG_GENERATE_SYMBOLS = NO;
				SUPPORTED_PLATFORMS = "iphoneos iphonesimulator macosx xros xrsimulator";
				SWIFT_APPROACHABLE_CONCURRENCY = YES;
				SWIFT_EMIT_LOC_STRINGS = NO;
				SWIFT_UPCOMING_FEATURE_MEMBER_IMPORT_VISIBILITY = YES;
				SWIFT_VERSION = 5.0;
				TARGETED_DEVICE_FAMILY = "1,2,7";
				XROS_DEPLOYMENT_TARGET = 26.5;
			};
			name = Release;
		};
/* End XCBuildConfiguration section */

/* Begin XCConfigurationList section */
		1E9045962FC6918400DBDF0F /* Build configuration list for PBXProject "GameboyEmulator" */ = {
			isa = XCConfigurationList;
			buildConfigurations = (
				1E9045E42FC6918500DBDF0F /* Debug */,
				1E9045E52FC6918500DBDF0F /* Release */,
			);
			defaultConfigurationIsVisible = 0;
			defaultConfigurationName = Release;
		};
		1E9045D72FC6918500DBDF0F /* Build configuration list for PBXNativeTarget "GameboyEmulator iOS" */ = {
			isa = XCConfigurationList;
			buildConfigurations = (
				1E9045D82FC6918500DBDF0F /* Debug */,
				1E9045D92FC6918500DBDF0F /* Release */,
			);
			defaultConfigurationIsVisible = 0;
			defaultConfigurationName = Release;
		};
		1E9045DC2FC6918500DBDF0F /* Build configuration list for PBXNativeTarget "GameboyEmulator tvOS" */ = {
			isa = XCConfigurationList;
			buildConfigurations = (
				1E9045DD2FC6918500DBDF0F /* Debug */,
				1E9045DE2FC6918500DBDF0F /* Release */,
			);
			defaultConfigurationIsVisible = 0;
			defaultConfigurationName = Release;
		};
		1E9045E12FC6918500DBDF0F /* Build configuration list for PBXNativeTarget "GameboyEmulator macOS" */ = {
			isa = XCConfigurationList;
			buildConfigurations = (
				1E9045E22FC6918500DBDF0F /* Debug */,
				1E9045E32FC6918500DBDF0F /* Release */,
			);
			defaultConfigurationIsVisible = 0;
			defaultConfigurationName = Release;
		};
		1E9045FC2FC692D300DBDF0F /* Build configuration list for PBXNativeTarget "GameboyEmulatorCore" */ = {
			isa = XCConfigurationList;
			buildConfigurations = (
				1E9045FD2FC692D300DBDF0F /* Debug */,
				1E9045FE2FC692D300DBDF0F /* Release */,
			);
			defaultConfigurationIsVisible = 0;
			defaultConfigurationName = Release;
		};
		1E9045FF2FC692D300DBDF0F /* Build configuration list for PBXNativeTarget "GameboyEmulatorCoreTests" */ = {
			isa = XCConfigurationList;
			buildConfigurations = (
				1E9046002FC692D300DBDF0F /* Debug */,
				1E9046012FC692D300DBDF0F /* Release */,
			);
			defaultConfigurationIsVisible = 0;
			defaultConfigurationName = Release;
		};
/* End XCConfigurationList section */
	};
	rootObject = 1E9045932FC6918400DBDF0F /* Project object */;
}
